PODS:
  - Alamofire (4.8.2)
  - Kingfisher (5.3.1)
  - lottie-ios (3.0.4)
  - Moya (13.0.0):
    - Moya/Core (= 13.0.0)
  - Moya/Core (13.0.0):
    - Alamofire (~> 4.1)
    - Result (~> 4.1)
  - Result (4.1.0)

DEPENDENCIES:
  - Kingfisher
  - lottie-ios
  - Moya

SPEC REPOS:
  https://github.com/cocoapods/specs.git:
    - Alamofire
    - Kingfisher
    - lottie-ios
    - Moya
    - Result

SPEC CHECKSUMS:
  Alamofire: ae5c501addb7afdbb13687d7f2f722c78734c2d3
  Kingfisher: d9e7e0b209b59b8f9873aa2f37654e81a7beea51
  lottie-ios: 55a2de40418f8de2b155efaba4d4d1a025a5c570
  Moya: 161263550064ff8a4948e8ff63137fd72a876292
  Result: bd966fac789cc6c1563440b348ab2598cc24d5c7

PODFILE CHECKSUM: cc9c691c1b9e623d6cd165c37fc4e10dade2636f

COCOAPODS: 1.7.1
